<?xml version="1.0" encoding="UTF-8" standalone="yes" ?>
<CodeBlocks_project_file>
	<FileVersion major="1" minor="6" />
	<Project>
		<Option title="im880b" />
		<Option pch_mode="2" />
		<Option compiler="gcc" />
		<Build>
			<Target title="Windows">
				<Option output="bin/windows/im880b" prefix_auto="1" extension_auto="1" />
				<Option object_output="obj/windows/" />
				<Option type="1" />
				<Option compiler="gcc" />
				<Option parameters="COM5" />
				<Compiler>
					<Add option="-std=c99" />
					<Add option="-g" />
					<Add option="-DQ_OS_WIN" />
				</Compiler>
			</Target>
			<Target title="Linux">
				<Option output="bin/linux/im880b" prefix_auto="1" extension_auto="1" />
				<Option object_output="obj/linux/" />
				<Option type="1" />
				<Option compiler="gcc" />
				<Option parameters="/dev/ttyUSB0" />
				<Compiler>
					<Add option="-O2" />
					<Add option="-DQ_OS_UX" />
				</Compiler>
				<Linker>
					<Add option="-s" />
				</Linker>
			</Target>
		</Build>
		<Compiler>
			<Add option="-Wall" />
		</Compiler>
		<Unit filename="Source/CRC16.c">
			<Option compilerVar="CC" />
		</Unit>
		<Unit filename="Source/CRC16.h" />
		<Unit filename="Source/SLIP.c">
			<Option compilerVar="CC" />
		</Unit>
		<Unit filename="Source/SLIP.h" />
		<Unit filename="Source/SerialDevice.h" />
		<Unit filename="Source/SerialDevice_pc.c">
			<Option compilerVar="CC" />
		</Unit>
		<Unit filename="Source/WMLW_API.h" />
		<Unit filename="Source/WiMOD_HCI_Layer.c">
			<Option compilerVar="CC" />
		</Unit>
		<Unit filename="Source/WiMOD_HCI_Layer.h" />
		<Unit filename="Source/WiMOD_LoRaWAN_API.c">
			<Option compilerVar="CC" />
		</Unit>
		<Unit filename="Source/WiMOD_LoRaWAN_API.h" />
		<Unit filename="Source/hpm.cpp" />
		<Unit filename="Source/hpm.h" />
		<Unit filename="Source/main_pc.cpp" />
		<Extensions>
			<code_completion />
			<envvars />
			<debugger />
			<lib_finder disable_auto="1" />
		</Extensions>
	</Project>
</CodeBlocks_project_file>
